
Microsoft Visual Studio Solution File, Format Version 12.00
# Visual Studio 2015
Project("{FAE04EC0-301F-11D3-BF4B-00C04F79EFBC}") = "Z-Gravity.CSharp", "Z-Gravity.CSharp.csproj", "{68C70EC4-46D1-2FE0-D756-C13CBD7B3197}"
EndProject
Global
	GlobalSection(SolutionConfigurationPlatforms) = preSolution
		Debug|Any CPU = Debug|Any CPU
		Release|Any CPU = Release|Any CPU
	EndGlobalSection
	GlobalSection(ProjectConfigurationPlatforms) = postSolution
		{68C70EC4-46D1-2FE0-D756-C13CBD7B3197}.Debug|Any CPU.ActiveCfg = Debug|Any CPU
		{68C70EC4-46D1-2FE0-D756-C13CBD7B3197}.Debug|Any CPU.Build.0 = Debug|Any CPU
		{68C70EC4-46D1-2FE0-D756-C13CBD7B3197}.Release|Any CPU.ActiveCfg = Release|Any CPU
		{68C70EC4-46D1-2FE0-D756-C13CBD7B3197}.Release|Any CPU.Build.0 = Release|Any CPU
	EndGlobalSection
	GlobalSection(SolutionProperties) = preSolution
		HideSolutionNode = FALSE
	EndGlobalSection
EndGlobal
